<Solution>
  <Project Path="Restaurants.Application/Restaurants.Application.csproj" />
  <Project Path="Restaurants.Domain/Restaurants.Domain.csproj" />
  <Project Path="Restaurants.Infrastructure/Restaurants.Infrastructure.csproj" />
  <Project Path="Restaurants/Restaurants.API.csproj" />
</Solution>
